
Microsoft Visual Studio Solution File, Format Version 12.00
# Visual Studio 15
VisualStudioVersion = 15.0.28307.271
MinimumVisualStudioVersion = 10.0.40219.1
Project("{FAE04EC0-301F-11D3-BF4B-00C04F79EFBC}") = "Quiz1", "Quiz1\Quiz1.csproj", "{FDFF1016-E024-46C6-ADA1-50602643719A}"
EndProject
Global
	GlobalSection(SolutionConfigurationPlatforms) = preSolution
		Debug|Any CPU = Debug|Any CPU
		Release|Any CPU = Release|Any CPU
	EndGlobalSection
	GlobalSection(ProjectConfigurationPlatforms) = postSolution
		{FDFF1016-E024-46C6-ADA1-50602643719A}.Debug|Any CPU.ActiveCfg = Debug|Any CPU
		{FDFF1016-E024-46C6-ADA1-50602643719A}.Debug|Any CPU.Build.0 = Debug|Any CPU
		{FDFF1016-E024-46C6-ADA1-50602643719A}.Release|Any CPU.ActiveCfg = Release|Any CPU
		{FDFF1016-E024-46C6-ADA1-50602643719A}.Release|Any CPU.Build.0 = Release|Any CPU
	EndGlobalSection
	GlobalSection(SolutionProperties) = preSolution
		HideSolutionNode = FALSE
	EndGlobalSection
	GlobalSection(ExtensibilityGlobals) = postSolution
		SolutionGuid = {5DD00224-A1E8-419E-BF44-B55D4430B61E}
	EndGlobalSection
EndGlobal
